<?xml version="1.0" encoding="utf-8"?>
<Project xmlns="http://schemas.microsoft.com/developer/msbuild/2003">
  <ItemGroup>
    <Filter Include="Generated Files">
      <UniqueIdentifier>{71ED8ED8-ACB9-4CE9-BBE1-E00B30144E11}</UniqueIdentifier>
      <Extensions>cpp;c;cxx;moc;h;def;odl;idl;res;</Extensions>
    </Filter>
    <Filter Include="Generated Files">
      <UniqueIdentifier>{71ED8ED8-ACB9-4CE9-BBE1-E00B30144E11}</UniqueIdentifier>
      <Extensions>cpp;c;cxx;moc;h;def;odl;idl;res;</Extensions>
    </Filter>
    <Filter Include="Header Files">
      <UniqueIdentifier>{93995380-89BD-4b04-88EB-625FBE52EBFB}</UniqueIdentifier>
      <Extensions>h;hpp;hxx;hm;inl;inc;xsd</Extensions>
    </Filter>
    <Filter Include="Header Files">
      <UniqueIdentifier>{93995380-89BD-4b04-88EB-625FBE52EBFB}</UniqueIdentifier>
      <Extensions>h;hpp;hxx;hm;inl;inc;xsd</Extensions>
    </Filter>
    <Filter Include="Source Files">
      <UniqueIdentifier>{4FC737F1-C7A5-4376-A066-2A32D752A2FF}</UniqueIdentifier>
      <Extensions>cpp;c;cxx;def;odl;idl;hpj;bat;asm;asmx</Extensions>
    </Filter>
    <Filter Include="Source Files">
      <UniqueIdentifier>{4FC737F1-C7A5-4376-A066-2A32D752A2FF}</UniqueIdentifier>
      <Extensions>cpp;c;cxx;def;odl;idl;hpj;bat;asm;asmx</Extensions>
    </Filter>
  </ItemGroup>
  <ItemGroup>
    <ClCompile Include="assignstatement.cpp">
      <Filter>Source Files</Filter>
    </ClCompile>
    <ClCompile Include="commandprompt.cpp">
      <Filter>Source Files</Filter>
    </ClCompile>
    <ClCompile Include="conditionalexpression.cpp">
      <Filter>Source Files</Filter>
    </ClCompile>
    <ClCompile Include="csvfile.cpp">
      <Filter>Source Files</Filter>
    </ClCompile>
    <ClCompile Include="expression.cpp">
      <Filter>Source Files</Filter>
    </ClCompile>
    <ClCompile Include="functions.cpp">
      <Filter>Source Files</Filter>
    </ClCompile>
    <ClCompile Include="importstatement.cpp">
      <Filter>Source Files</Filter>
    </ClCompile>
    <ClCompile Include="main.cpp">
      <Filter>Source Files</Filter>
    </ClCompile>
    <ClCompile Include="parser.cpp">
      <Filter>Source Files</Filter>
    </ClCompile>
    <ClCompile Include="selectstatement.cpp">
      <Filter>Source Files</Filter>
    </ClCompile>
    <ClCompile Include="term.cpp">
      <Filter>Source Files</Filter>
    </ClCompile>
    <ClCompile Include="tokenizer.cpp">
      <Filter>Source Files</Filter>
    </ClCompile>
    <ClCompile Include="types.cpp">
      <Filter>Source Files</Filter>
    </ClCompile>
    <ClCompile Include="updatestatement.cpp">
      <Filter>Source Files</Filter>
    </ClCompile>
    <ClCompile Include="about_license.cpp">
      <Filter>Header Files</Filter>
    </ClCompile>
    <ClCompile Include="CSVFile2.cpp">
      <Filter>Source Files</Filter>
    </ClCompile>
    <ClCompile Include="test.cpp">
      <Filter>Source Files</Filter>
    </ClCompile>
  </ItemGroup>
  <ItemGroup>
    <ClInclude Include="Types.h">
      <Filter>Header Files</Filter>
    </ClInclude>
    <ClInclude Include="assignstatement.h">
      <Filter>Header Files</Filter>
    </ClInclude>
    <ClInclude Include="columnexpression.h">
      <Filter>Header Files</Filter>
    </ClInclude>
    <ClInclude Include="commandprompt.h">
      <Filter>Header Files</Filter>
    </ClInclude>
    <ClInclude Include="conditionalexpression.h">
      <Filter>Header Files</Filter>
    </ClInclude>
    <ClInclude Include="csvfile.h">
      <Filter>Header Files</Filter>
    </ClInclude>
    <ClInclude Include="expression.h">
      <Filter>Header Files</Filter>
    </ClInclude>
    <ClInclude Include="functions.h">
      <Filter>Header Files</Filter>
    </ClInclude>
    <ClInclude Include="importstatement.h">
      <Filter>Header Files</Filter>
    </ClInclude>
    <ClInclude Include="parser.h">
      <Filter>Header Files</Filter>
    </ClInclude>
    <ClInclude Include="selectstatement.h">
      <Filter>Header Files</Filter>
    </ClInclude>
    <ClInclude Include="term.h">
      <Filter>Header Files</Filter>
    </ClInclude>
    <ClInclude Include="tokenizer.h">
      <Filter>Header Files</Filter>
    </ClInclude>
    <ClInclude Include="updatestatement.h">
      <Filter>Header Files</Filter>
    </ClInclude>
    <ClInclude Include="tabulate.h">
      <Filter>Header Files</Filter>
    </ClInclude>
    <ClInclude Include="resource.h">
      <Filter>Generated Files</Filter>
    </ClInclude>
    <ClInclude Include="resource1.h">
      <Filter>Generated Files</Filter>
    </ClInclude>
    <ClInclude Include="about_license.h">
      <Filter>Header Files</Filter>
    </ClInclude>
    <ClInclude Include="types_inc.h">
      <Filter>Header Files</Filter>
    </ClInclude>
    <ClInclude Include="CSVFile2.h">
      <Filter>Header Files</Filter>
    </ClInclude>
    <ClInclude Include="atomicops.h">
      <Filter>Header Files</Filter>
    </ClInclude>
    <ClInclude Include="readerwriterqueue.h">
      <Filter>Header Files</Filter>
    </ClInclude>
    <ClInclude Include="test.h">
      <Filter>Header Files</Filter>
    </ClInclude>
  </ItemGroup>
  <ItemGroup>
    <CustomBuild Include="debug\moc_predefs.h.cbt">
      <Filter>Generated Files</Filter>
    </CustomBuild>
    <CustomBuild Include="release\moc_predefs.h.cbt">
      <Filter>Generated Files</Filter>
    </CustomBuild>
  </ItemGroup>
  <ItemGroup>
    <ResourceCompile Include="CQLInterpreter.rc" />
  </ItemGroup>
  <ItemGroup>
    <Image Include="csvq.ico" />
  </ItemGroup>
</Project>